
Microsoft Visual Studio Solution File, Format Version 12.00
# Visual Studio 14
VisualStudioVersion = 14.0.25123.0
MinimumVisualStudioVersion = 10.0.40219.1
Project("{FAE04EC0-301F-11D3-BF4B-00C04F79EFBC}") = "Box9.Leds.FcClient", "Box9.Leds.FcClient\Box9.Leds.FcClient.csproj", "{7CE537D5-6007-4E49-A2C9-A1EF48BEAF12}"
EndProject
Project("{FAE04EC0-301F-11D3-BF4B-00C04F79EFBC}") = "Box9.Leds.FcServer", "Box9.Leds.FcServer\Box9.Leds.FcServer.csproj", "{A32F6D26-6F8E-4D2D-BEE5-0073FE7C8E80}"
EndProject
Project("{FAE04EC0-301F-11D3-BF4B-00C04F79EFBC}") = "Box9.Leds.TestHarness", "Box9.Leds.TestHarness\Box9.Leds.TestHarness.csproj", "{33970165-A619-4518-8A34-203FFB97C516}"
EndProject
Project("{FAE04EC0-301F-11D3-BF4B-00C04F79EFBC}") = "Box9.Leds.Core", "Box9.Leds.Core\Box9.Leds.Core.csproj", "{329E36F9-1120-4DC0-9DEE-104B03783A48}"
EndProject
Project("{FAE04EC0-301F-11D3-BF4B-00C04F79EFBC}") = "Box9.Leds.Video", "Box9.Leds.Video\Box9.Leds.Video.csproj", "{F7F691B5-4ECE-4B68-9DF1-1DB144819387}"
EndProject
Project("{FAE04EC0-301F-11D3-BF4B-00C04F79EFBC}") = "Box9.Leds.Manager", "Box9.Leds.Manager\Box9.Leds.Manager.csproj", "{CE87FC84-B75D-411A-A76E-F83A3C3B190B}"
EndProject
Project("{FAE04EC0-301F-11D3-BF4B-00C04F79EFBC}") = "Box9.Leds.DataStorage", "Box9.Leds.DataStorage\Box9.Leds.DataStorage.csproj", "{8D188A60-264F-49C1-BC88-C242E01E82F2}"
EndProject
Project("{2150E333-8FDC-42A3-9474-1A3956D46DE8}") = "Presentation", "Presentation", "{99A23E72-5E56-44D5-9D2B-0563803A9D0F}"
EndProject
Project("{2150E333-8FDC-42A3-9474-1A3956D46DE8}") = "Core", "Core", "{D4BC411F-432A-40EB-8B49-2E8E60E421A3}"
EndProject
Project("{FAE04EC0-301F-11D3-BF4B-00C04F79EFBC}") = "Box9.ExplicitMapping", "RickPowell.ExplicitMapping\Box9.ExplicitMapping.csproj", "{D744381C-1080-475F-A827-290C7D4E55EF}"
EndProject
Project("{2150E333-8FDC-42A3-9474-1A3956D46DE8}") = "Business", "Business", "{FB4EE7BF-3C7F-419D-BCC5-E83E3C5E419A}"
EndProject
Project("{FAE04EC0-301F-11D3-BF4B-00C04F79EFBC}") = "Box9.Leds.Business", "Box9.Leds.Business\Box9.Leds.Business.csproj", "{AABEAF9E-777B-4135-81C5-CA34D2F93D62}"
EndProject
Project("{2150E333-8FDC-42A3-9474-1A3956D46DE8}") = "Clients", "Clients", "{803F8777-B50B-4C77-BA82-6A8887CE79EC}"
EndProject
Project("{2150E333-8FDC-42A3-9474-1A3956D46DE8}") = "Plugins", "Plugins", "{07A9DE73-D834-4F5B-9E74-69851BA7CFD7}"
EndProject
Project("{2150E333-8FDC-42A3-9474-1A3956D46DE8}") = "Custom", "Custom", "{2D74E83B-8CD7-424B-9B74-DFEC0F60BE7E}"
EndProject
Project("{FAE04EC0-301F-11D3-BF4B-00C04F79EFBC}") = "Glimr.Plugins.Sdk", "Glimr.Plugins.Sdk\Glimr.Plugins.Sdk.csproj", "{CA864247-F351-47B5-A3F3-D1BF8BE70B93}"
EndProject
Project("{FAE04EC0-301F-11D3-BF4B-00C04F79EFBC}") = "Glimr.Plugins.Custom.OscMidiInputDevice", "Glimr.Plugins.Custom.OscMidiInputDevice\Glimr.Plugins.Custom.OscMidiInputDevice.csproj", "{44D69BD1-7D7D-4074-87E2-534D15297673}"
EndProject
Project("{FAE04EC0-301F-11D3-BF4B-00C04F79EFBC}") = "Glimr.Plugins.Sdk.Tester", "Glimr.Plugins.Sdk.Tester\Glimr.Plugins.Sdk.Tester.csproj", "{34D944C9-AC6F-4E11-8169-A778B8092D80}"
EndProject
Project("{FAE04EC0-301F-11D3-BF4B-00C04F79EFBC}") = "Glimr.Plugins.Custom.MidiInputDevice", "Glimr.Plugins.Custom.MidiInputDevice\Glimr.Plugins.Custom.MidiInputDevice.csproj", "{261E7E5C-3CCD-44B6-A4F0-B99A8B465988}"
EndProject
Project("{FAE04EC0-301F-11D3-BF4B-00C04F79EFBC}") = "Glimr.Plugins.ManagementApi", "Glimr.Plugins.ManagementApi\Glimr.Plugins.ManagementApi.csproj", "{EBAE43CE-6C1D-4047-8B75-3B20B6C537BD}"
EndProject
Project("{FAE04EC0-301F-11D3-BF4B-00C04F79EFBC}") = "Glimr.Plugins.ManagementApi.Client", "Glimr.Plugins.ManagementApi.Client\Glimr.Plugins.ManagementApi.Client.csproj", "{C5D25E38-1DE9-4962-97A5-0EB9B69D7A25}"
EndProject
Project("{FAE04EC0-301F-11D3-BF4B-00C04F79EFBC}") = "Glimr.Plugins.ManagementApi.UploadTool", "Glimr.Plugins.ManagementApi.UploadTool\Glimr.Plugins.ManagementApi.UploadTool.csproj", "{E48E2068-A90E-47C4-834E-11FB9EE0D5E6}"
EndProject
Project("{FAE04EC0-301F-11D3-BF4B-00C04F79EFBC}") = "Glimr.Plugins.Core", "Glimr.Plugins.Core\Glimr.Plugins.Core.csproj", "{A2EA7072-6D32-472D-B54B-9FEC2A89A7D4}"
EndProject
Global
	GlobalSection(SolutionConfigurationPlatforms) = preSolution
		Debug|Any CPU = Debug|Any CPU
		Debug|x86 = Debug|x86
		Release|Any CPU = Release|Any CPU
		Release|x86 = Release|x86
	EndGlobalSection
	GlobalSection(ProjectConfigurationPlatforms) = postSolution
		{7CE537D5-6007-4E49-A2C9-A1EF48BEAF12}.Debug|Any CPU.ActiveCfg = Debug|Any CPU
		{7CE537D5-6007-4E49-A2C9-A1EF48BEAF12}.Debug|Any CPU.Build.0 = Debug|Any CPU
		{7CE537D5-6007-4E49-A2C9-A1EF48BEAF12}.Debug|x86.ActiveCfg = Debug|x86
		{7CE537D5-6007-4E49-A2C9-A1EF48BEAF12}.Debug|x86.Build.0 = Debug|x86
		{7CE537D5-6007-4E49-A2C9-A1EF48BEAF12}.Release|Any CPU.ActiveCfg = Release|Any CPU
		{7CE537D5-6007-4E49-A2C9-A1EF48BEAF12}.Release|Any CPU.Build.0 = Release|Any CPU
		{7CE537D5-6007-4E49-A2C9-A1EF48BEAF12}.Release|x86.ActiveCfg = Release|x86
		{7CE537D5-6007-4E49-A2C9-A1EF48BEAF12}.Release|x86.Build.0 = Release|x86
		{A32F6D26-6F8E-4D2D-BEE5-0073FE7C8E80}.Debug|Any CPU.ActiveCfg = Debug|Any CPU
		{A32F6D26-6F8E-4D2D-BEE5-0073FE7C8E80}.Debug|Any CPU.Build.0 = Debug|Any CPU
		{A32F6D26-6F8E-4D2D-BEE5-0073FE7C8E80}.Debug|x86.ActiveCfg = Debug|x86
		{A32F6D26-6F8E-4D2D-BEE5-0073FE7C8E80}.Debug|x86.Build.0 = Debug|x86
		{A32F6D26-6F8E-4D2D-BEE5-0073FE7C8E80}.Release|Any CPU.ActiveCfg = Release|Any CPU
		{A32F6D26-6F8E-4D2D-BEE5-0073FE7C8E80}.Release|Any CPU.Build.0 = Release|Any CPU
		{A32F6D26-6F8E-4D2D-BEE5-0073FE7C8E80}.Release|x86.ActiveCfg = Release|x86
		{A32F6D26-6F8E-4D2D-BEE5-0073FE7C8E80}.Release|x86.Build.0 = Release|x86
		{33970165-A619-4518-8A34-203FFB97C516}.Debug|Any CPU.ActiveCfg = Debug|Any CPU
		{33970165-A619-4518-8A34-203FFB97C516}.Debug|Any CPU.Build.0 = Debug|Any CPU
		{33970165-A619-4518-8A34-203FFB97C516}.Debug|x86.ActiveCfg = Debug|x86
		{33970165-A619-4518-8A34-203FFB97C516}.Debug|x86.Build.0 = Debug|x86
		{33970165-A619-4518-8A34-203FFB97C516}.Release|Any CPU.ActiveCfg = Release|Any CPU
		{33970165-A619-4518-8A34-203FFB97C516}.Release|Any CPU.Build.0 = Release|Any CPU
		{33970165-A619-4518-8A34-203FFB97C516}.Release|x86.ActiveCfg = Release|x86
		{33970165-A619-4518-8A34-203FFB97C516}.Release|x86.Build.0 = Release|x86
		{329E36F9-1120-4DC0-9DEE-104B03783A48}.Debug|Any CPU.ActiveCfg = Debug|Any CPU
		{329E36F9-1120-4DC0-9DEE-104B03783A48}.Debug|Any CPU.Build.0 = Debug|Any CPU
		{329E36F9-1120-4DC0-9DEE-104B03783A48}.Debug|x86.ActiveCfg = Debug|x86
		{329E36F9-1120-4DC0-9DEE-104B03783A48}.Debug|x86.Build.0 = Debug|x86
		{329E36F9-1120-4DC0-9DEE-104B03783A48}.Release|Any CPU.ActiveCfg = Release|Any CPU
		{329E36F9-1120-4DC0-9DEE-104B03783A48}.Release|Any CPU.Build.0 = Release|Any CPU
		{329E36F9-1120-4DC0-9DEE-104B03783A48}.Release|x86.ActiveCfg = Release|x86
		{329E36F9-1120-4DC0-9DEE-104B03783A48}.Release|x86.Build.0 = Release|x86
		{F7F691B5-4ECE-4B68-9DF1-1DB144819387}.Debug|Any CPU.ActiveCfg = Debug|Any CPU
		{F7F691B5-4ECE-4B68-9DF1-1DB144819387}.Debug|Any CPU.Build.0 = Debug|Any CPU
		{F7F691B5-4ECE-4B68-9DF1-1DB144819387}.Debug|x86.ActiveCfg = Debug|x86
		{F7F691B5-4ECE-4B68-9DF1-1DB144819387}.Debug|x86.Build.0 = Debug|x86
		{F7F691B5-4ECE-4B68-9DF1-1DB144819387}.Release|Any CPU.ActiveCfg = Release|Any CPU
		{F7F691B5-4ECE-4B68-9DF1-1DB144819387}.Release|Any CPU.Build.0 = Release|Any CPU
		{F7F691B5-4ECE-4B68-9DF1-1DB144819387}.Release|x86.ActiveCfg = Release|x86
		{F7F691B5-4ECE-4B68-9DF1-1DB144819387}.Release|x86.Build.0 = Release|x86
		{CE87FC84-B75D-411A-A76E-F83A3C3B190B}.Debug|Any CPU.ActiveCfg = Debug|Any CPU
		{CE87FC84-B75D-411A-A76E-F83A3C3B190B}.Debug|Any CPU.Build.0 = Debug|Any CPU
		{CE87FC84-B75D-411A-A76E-F83A3C3B190B}.Debug|x86.ActiveCfg = Debug|x86
		{CE87FC84-B75D-411A-A76E-F83A3C3B190B}.Debug|x86.Build.0 = Debug|x86
		{CE87FC84-B75D-411A-A76E-F83A3C3B190B}.Release|Any CPU.ActiveCfg = Release|Any CPU
		{CE87FC84-B75D-411A-A76E-F83A3C3B190B}.Release|Any CPU.Build.0 = Release|Any CPU
		{CE87FC84-B75D-411A-A76E-F83A3C3B190B}.Release|x86.ActiveCfg = Release|x86
		{CE87FC84-B75D-411A-A76E-F83A3C3B190B}.Release|x86.Build.0 = Release|x86
		{8D188A60-264F-49C1-BC88-C242E01E82F2}.Debug|Any CPU.ActiveCfg = Debug|Any CPU
		{8D188A60-264F-49C1-BC88-C242E01E82F2}.Debug|Any CPU.Build.0 = Debug|Any CPU
		{8D188A60-264F-49C1-BC88-C242E01E82F2}.Debug|x86.ActiveCfg = Debug|x86
		{8D188A60-264F-49C1-BC88-C242E01E82F2}.Debug|x86.Build.0 = Debug|x86
		{8D188A60-264F-49C1-BC88-C242E01E82F2}.Release|Any CPU.ActiveCfg = Release|Any CPU
		{8D188A60-264F-49C1-BC88-C242E01E82F2}.Release|Any CPU.Build.0 = Release|Any CPU
		{8D188A60-264F-49C1-BC88-C242E01E82F2}.Release|x86.ActiveCfg = Release|x86
		{8D188A60-264F-49C1-BC88-C242E01E82F2}.Release|x86.Build.0 = Release|x86
		{D744381C-1080-475F-A827-290C7D4E55EF}.Debug|Any CPU.ActiveCfg = Debug|Any CPU
		{D744381C-1080-475F-A827-290C7D4E55EF}.Debug|Any CPU.Build.0 = Debug|Any CPU
		{D744381C-1080-475F-A827-290C7D4E55EF}.Debug|x86.ActiveCfg = Debug|Any CPU
		{D744381C-1080-475F-A827-290C7D4E55EF}.Debug|x86.Build.0 = Debug|Any CPU
		{D744381C-1080-475F-A827-290C7D4E55EF}.Release|Any CPU.ActiveCfg = Release|Any CPU
		{D744381C-1080-475F-A827-290C7D4E55EF}.Release|Any CPU.Build.0 = Release|Any CPU
		{D744381C-1080-475F-A827-290C7D4E55EF}.Release|x86.ActiveCfg = Release|Any CPU
		{D744381C-1080-475F-A827-290C7D4E55EF}.Release|x86.Build.0 = Release|Any CPU
		{AABEAF9E-777B-4135-81C5-CA34D2F93D62}.Debug|Any CPU.ActiveCfg = Debug|Any CPU
		{AABEAF9E-777B-4135-81C5-CA34D2F93D62}.Debug|Any CPU.Build.0 = Debug|Any CPU
		{AABEAF9E-777B-4135-81C5-CA34D2F93D62}.Debug|x86.ActiveCfg = Debug|Any CPU
		{AABEAF9E-777B-4135-81C5-CA34D2F93D62}.Debug|x86.Build.0 = Debug|Any CPU
		{AABEAF9E-777B-4135-81C5-CA34D2F93D62}.Release|Any CPU.ActiveCfg = Release|Any CPU
		{AABEAF9E-777B-4135-81C5-CA34D2F93D62}.Release|Any CPU.Build.0 = Release|Any CPU
		{AABEAF9E-777B-4135-81C5-CA34D2F93D62}.Release|x86.ActiveCfg = Release|Any CPU
		{AABEAF9E-777B-4135-81C5-CA34D2F93D62}.Release|x86.Build.0 = Release|Any CPU
		{CA864247-F351-47B5-A3F3-D1BF8BE70B93}.Debug|Any CPU.ActiveCfg = Debug|Any CPU
		{CA864247-F351-47B5-A3F3-D1BF8BE70B93}.Debug|Any CPU.Build.0 = Debug|Any CPU
		{CA864247-F351-47B5-A3F3-D1BF8BE70B93}.Debug|x86.ActiveCfg = Debug|Any CPU
		{CA864247-F351-47B5-A3F3-D1BF8BE70B93}.Debug|x86.Build.0 = Debug|Any CPU
		{CA864247-F351-47B5-A3F3-D1BF8BE70B93}.Release|Any CPU.ActiveCfg = Release|Any CPU
		{CA864247-F351-47B5-A3F3-D1BF8BE70B93}.Release|Any CPU.Build.0 = Release|Any CPU
		{CA864247-F351-47B5-A3F3-D1BF8BE70B93}.Release|x86.ActiveCfg = Release|Any CPU
		{CA864247-F351-47B5-A3F3-D1BF8BE70B93}.Release|x86.Build.0 = Release|Any CPU
		{44D69BD1-7D7D-4074-87E2-534D15297673}.Debug|Any CPU.ActiveCfg = Debug|Any CPU
		{44D69BD1-7D7D-4074-87E2-534D15297673}.Debug|Any CPU.Build.0 = Debug|Any CPU
		{44D69BD1-7D7D-4074-87E2-534D15297673}.Debug|x86.ActiveCfg = Debug|Any CPU
		{44D69BD1-7D7D-4074-87E2-534D15297673}.Debug|x86.Build.0 = Debug|Any CPU
		{44D69BD1-7D7D-4074-87E2-534D15297673}.Release|Any CPU.ActiveCfg = Release|Any CPU
		{44D69BD1-7D7D-4074-87E2-534D15297673}.Release|Any CPU.Build.0 = Release|Any CPU
		{44D69BD1-7D7D-4074-87E2-534D15297673}.Release|x86.ActiveCfg = Release|Any CPU
		{44D69BD1-7D7D-4074-87E2-534D15297673}.Release|x86.Build.0 = Release|Any CPU
		{34D944C9-AC6F-4E11-8169-A778B8092D80}.Debug|Any CPU.ActiveCfg = Debug|Any CPU
		{34D944C9-AC6F-4E11-8169-A778B8092D80}.Debug|Any CPU.Build.0 = Debug|Any CPU
		{34D944C9-AC6F-4E11-8169-A778B8092D80}.Debug|x86.ActiveCfg = Debug|Any CPU
		{34D944C9-AC6F-4E11-8169-A778B8092D80}.Debug|x86.Build.0 = Debug|Any CPU
		{34D944C9-AC6F-4E11-8169-A778B8092D80}.Release|Any CPU.ActiveCfg = Release|Any CPU
		{34D944C9-AC6F-4E11-8169-A778B8092D80}.Release|Any CPU.Build.0 = Release|Any CPU
		{34D944C9-AC6F-4E11-8169-A778B8092D80}.Release|x86.ActiveCfg = Release|Any CPU
		{34D944C9-AC6F-4E11-8169-A778B8092D80}.Release|x86.Build.0 = Release|Any CPU
		{261E7E5C-3CCD-44B6-A4F0-B99A8B465988}.Debug|Any CPU.ActiveCfg = Debug|Any CPU
		{261E7E5C-3CCD-44B6-A4F0-B99A8B465988}.Debug|Any CPU.Build.0 = Debug|Any CPU
		{261E7E5C-3CCD-44B6-A4F0-B99A8B465988}.Debug|x86.ActiveCfg = Debug|Any CPU
		{261E7E5C-3CCD-44B6-A4F0-B99A8B465988}.Debug|x86.Build.0 = Debug|Any CPU
		{261E7E5C-3CCD-44B6-A4F0-B99A8B465988}.Release|Any CPU.ActiveCfg = Release|Any CPU
		{261E7E5C-3CCD-44B6-A4F0-B99A8B465988}.Release|Any CPU.Build.0 = Release|Any CPU
		{261E7E5C-3CCD-44B6-A4F0-B99A8B465988}.Release|x86.ActiveCfg = Release|Any CPU
		{261E7E5C-3CCD-44B6-A4F0-B99A8B465988}.Release|x86.Build.0 = Release|Any CPU
		{EBAE43CE-6C1D-4047-8B75-3B20B6C537BD}.Debug|Any CPU.ActiveCfg = Debug|Any CPU
		{EBAE43CE-6C1D-4047-8B75-3B20B6C537BD}.Debug|Any CPU.Build.0 = Debug|Any CPU
		{EBAE43CE-6C1D-4047-8B75-3B20B6C537BD}.Debug|x86.ActiveCfg = Debug|Any CPU
		{EBAE43CE-6C1D-4047-8B75-3B20B6C537BD}.Debug|x86.Build.0 = Debug|Any CPU
		{EBAE43CE-6C1D-4047-8B75-3B20B6C537BD}.Release|Any CPU.ActiveCfg = Release|Any CPU
		{EBAE43CE-6C1D-4047-8B75-3B20B6C537BD}.Release|Any CPU.Build.0 = Release|Any CPU
		{EBAE43CE-6C1D-4047-8B75-3B20B6C537BD}.Release|x86.ActiveCfg = Release|Any CPU
		{EBAE43CE-6C1D-4047-8B75-3B20B6C537BD}.Release|x86.Build.0 = Release|Any CPU
		{C5D25E38-1DE9-4962-97A5-0EB9B69D7A25}.Debug|Any CPU.ActiveCfg = Debug|Any CPU
		{C5D25E38-1DE9-4962-97A5-0EB9B69D7A25}.Debug|Any CPU.Build.0 = Debug|Any CPU
		{C5D25E38-1DE9-4962-97A5-0EB9B69D7A25}.Debug|x86.ActiveCfg = Debug|Any CPU
		{C5D25E38-1DE9-4962-97A5-0EB9B69D7A25}.Debug|x86.Build.0 = Debug|Any CPU
		{C5D25E38-1DE9-4962-97A5-0EB9B69D7A25}.Release|Any CPU.ActiveCfg = Release|Any CPU
		{C5D25E38-1DE9-4962-97A5-0EB9B69D7A25}.Release|Any CPU.Build.0 = Release|Any CPU
		{C5D25E38-1DE9-4962-97A5-0EB9B69D7A25}.Release|x86.ActiveCfg = Release|Any CPU
		{C5D25E38-1DE9-4962-97A5-0EB9B69D7A25}.Release|x86.Build.0 = Release|Any CPU
		{E48E2068-A90E-47C4-834E-11FB9EE0D5E6}.Debug|Any CPU.ActiveCfg = Debug|Any CPU
		{E48E2068-A90E-47C4-834E-11FB9EE0D5E6}.Debug|Any CPU.Build.0 = Debug|Any CPU
		{E48E2068-A90E-47C4-834E-11FB9EE0D5E6}.Debug|x86.ActiveCfg = Debug|Any CPU
		{E48E2068-A90E-47C4-834E-11FB9EE0D5E6}.Debug|x86.Build.0 = Debug|Any CPU
		{E48E2068-A90E-47C4-834E-11FB9EE0D5E6}.Release|Any CPU.ActiveCfg = Release|Any CPU
		{E48E2068-A90E-47C4-834E-11FB9EE0D5E6}.Release|Any CPU.Build.0 = Release|Any CPU
		{E48E2068-A90E-47C4-834E-11FB9EE0D5E6}.Release|x86.ActiveCfg = Release|Any CPU
		{E48E2068-A90E-47C4-834E-11FB9EE0D5E6}.Release|x86.Build.0 = Release|Any CPU
		{A2EA7072-6D32-472D-B54B-9FEC2A89A7D4}.Debug|Any CPU.ActiveCfg = Debug|Any CPU
		{A2EA7072-6D32-472D-B54B-9FEC2A89A7D4}.Debug|Any CPU.Build.0 = Debug|Any CPU
		{A2EA7072-6D32-472D-B54B-9FEC2A89A7D4}.Debug|x86.ActiveCfg = Debug|Any CPU
		{A2EA7072-6D32-472D-B54B-9FEC2A89A7D4}.Debug|x86.Build.0 = Debug|Any CPU
		{A2EA7072-6D32-472D-B54B-9FEC2A89A7D4}.Release|Any CPU.ActiveCfg = Release|Any CPU
		{A2EA7072-6D32-472D-B54B-9FEC2A89A7D4}.Release|Any CPU.Build.0 = Release|Any CPU
		{A2EA7072-6D32-472D-B54B-9FEC2A89A7D4}.Release|x86.ActiveCfg = Release|Any CPU
		{A2EA7072-6D32-472D-B54B-9FEC2A89A7D4}.Release|x86.Build.0 = Release|Any CPU
	EndGlobalSection
	GlobalSection(SolutionProperties) = preSolution
		HideSolutionNode = FALSE
	EndGlobalSection
	GlobalSection(NestedProjects) = preSolution
		{7CE537D5-6007-4E49-A2C9-A1EF48BEAF12} = {803F8777-B50B-4C77-BA82-6A8887CE79EC}
		{329E36F9-1120-4DC0-9DEE-104B03783A48} = {D4BC411F-432A-40EB-8B49-2E8E60E421A3}
		{CE87FC84-B75D-411A-A76E-F83A3C3B190B} = {99A23E72-5E56-44D5-9D2B-0563803A9D0F}
		{D744381C-1080-475F-A827-290C7D4E55EF} = {D4BC411F-432A-40EB-8B49-2E8E60E421A3}
		{AABEAF9E-777B-4135-81C5-CA34D2F93D62} = {FB4EE7BF-3C7F-419D-BCC5-E83E3C5E419A}
		{2D74E83B-8CD7-424B-9B74-DFEC0F60BE7E} = {07A9DE73-D834-4F5B-9E74-69851BA7CFD7}
		{CA864247-F351-47B5-A3F3-D1BF8BE70B93} = {07A9DE73-D834-4F5B-9E74-69851BA7CFD7}
		{44D69BD1-7D7D-4074-87E2-534D15297673} = {2D74E83B-8CD7-424B-9B74-DFEC0F60BE7E}
		{34D944C9-AC6F-4E11-8169-A778B8092D80} = {07A9DE73-D834-4F5B-9E74-69851BA7CFD7}
		{261E7E5C-3CCD-44B6-A4F0-B99A8B465988} = {2D74E83B-8CD7-424B-9B74-DFEC0F60BE7E}
		{EBAE43CE-6C1D-4047-8B75-3B20B6C537BD} = {07A9DE73-D834-4F5B-9E74-69851BA7CFD7}
		{C5D25E38-1DE9-4962-97A5-0EB9B69D7A25} = {07A9DE73-D834-4F5B-9E74-69851BA7CFD7}
		{E48E2068-A90E-47C4-834E-11FB9EE0D5E6} = {07A9DE73-D834-4F5B-9E74-69851BA7CFD7}
		{A2EA7072-6D32-472D-B54B-9FEC2A89A7D4} = {07A9DE73-D834-4F5B-9E74-69851BA7CFD7}
	EndGlobalSection
EndGlobal
